// !$*UTF8*$!
{
	archiveVersion = 1;
	classes = {
	};
	objectVersion = 52;
	objects = {

/* Begin PBXBuildFile section */
		1AE97356258CE6E9000FD512 /* Secrets.swift in Sources */ = {isa = PBXBuildFile; fileRef = 1AE97355258CE6E9000FD512 /* Secrets.swift */; };
		579C8D4B258B8CCD008A9AD4 /* AppDelegate.swift in Sources */ = {isa = PBXBuildFile; fileRef = 579C8D4A258B8CCD008A9AD4 /* AppDelegate.swift */; };
		579C8D4D258B8CCD008A9AD4 /* SceneDelegate.swift in Sources */ = {isa = PBXBuildFile; fileRef = 579C8D4C258B8CCD008A9AD4 /* SceneDelegate.swift */; };
		579C8D4F258B8CCD008A9AD4 /* ViewController.swift in Sources */ = {isa = PBXBuildFile; fileRef = 579C8D4E258B8CCD008A9AD4 /* ViewController.swift */; };
		579C8D52258B8CCD008A9AD4 /* Main.storyboard in Resources */ = {isa = PBXBuildFile; fileRef = 579C8D50258B8CCD008A9AD4 /* Main.storyboard */; };
		579C8D54258B8CCF008A9AD4 /* Assets.xcassets in Resources */ = {isa = PBXBuildFile; fileRef = 579C8D53258B8CCF008A9AD4 /* Assets.xcassets */; };
		579C8D57258B8CCF008A9AD4 /* LaunchScreen.storyboard in Resources */ = {isa = PBXBuildFile; fileRef = 579C8D55258B8CCF008A9AD4 /* LaunchScreen.storyboard */; };
		579C8D62258B8CCF008A9AD4 /* CombineWeatherTests.swift in Sources */ = {isa = PBXBuildFile; fileRef = 579C8D61258B8CCF008A9AD4 /* CombineWeatherTests.swift */; };
		579C8D6D258B8CCF008A9AD4 /* CombineWeatherUITests.swift in Sources */ = {isa = PBXBuildFile; fileRef = 579C8D6C258B8CCF008A9AD4 /* CombineWeatherUITests.swift */; };
		579C8D95258B933E008A9AD4 /* NetworkTypes.swift in Sources */ = {isa = PBXBuildFile; fileRef = 579C8D94258B933E008A9AD4 /* NetworkTypes.swift */; };
		579C8DA1258B95EF008A9AD4 /* CurrentWeatherEndpoint.swift in Sources */ = {isa = PBXBuildFile; fileRef = 579C8DA0258B95EF008A9AD4 /* CurrentWeatherEndpoint.swift */; };
		579C8DA9258B9769008A9AD4 /* CurrentWeatherFetcher.swift in Sources */ = {isa = PBXBuildFile; fileRef = 579C8DA8258B9769008A9AD4 /* CurrentWeatherFetcher.swift */; };
		579C8DB2258B9C3F008A9AD4 /* City.swift in Sources */ = {isa = PBXBuildFile; fileRef = 579C8DB1258B9C3F008A9AD4 /* City.swift */; };
		579C8DBB258BA7CC008A9AD4 /* CombineCocoa in Frameworks */ = {isa = PBXBuildFile; productRef = 579C8DBA258BA7CC008A9AD4 /* CombineCocoa */; };
		57A07BD8258CD477001BB299 /* Weather.swift in Sources */ = {isa = PBXBuildFile; fileRef = 57A07BD7258CD477001BB299 /* Weather.swift */; };
		57A07BDD258CD8AB001BB299 /* Main.swift in Sources */ = {isa = PBXBuildFile; fileRef = 57A07BDC258CD8AB001BB299 /* Main.swift */; };
		57EA9628258CBF7100658C6C /* LocationService.swift in Sources */ = {isa = PBXBuildFile; fileRef = 57EA9627258CBF7100658C6C /* LocationService.swift */; };
/* End PBXBuildFile section */

/* Begin PBXContainerItemProxy section */
		579C8D5E258B8CCF008A9AD4 /* PBXContainerItemProxy */ = {
			isa = PBXContainerItemProxy;
			containerPortal = 579C8D3F258B8CCD008A9AD4 /* Project object */;
			proxyType = 1;
			remoteGlobalIDString = 579C8D46258B8CCD008A9AD4;
			remoteInfo = CombineWeather;
		};
		579C8D69258B8CCF008A9AD4 /* PBXContainerItemProxy */ = {
			isa = PBXContainerItemProxy;
			containerPortal = 579C8D3F258B8CCD008A9AD4 /* Project object */;
			proxyType = 1;
			remoteGlobalIDString = 579C8D46258B8CCD008A9AD4;
			remoteInfo = CombineWeather;
		};
/* End PBXContainerItemProxy section */

/* Begin PBXFileReference section */
		1AE97355258CE6E9000FD512 /* Secrets.swift */ = {isa = PBXFileReference; fileEncoding = 4; lastKnownFileType = sourcecode.swift; path = Secrets.swift; sourceTree = "<group>"; };
		579C8D47258B8CCD008A9AD4 /* CombineWeather.app */ = {isa = PBXFileReference; explicitFileType = wrapper.application; includeInIndex = 0; path = CombineWeather.app; sourceTree = BUILT_PRODUCTS_DIR; };
		579C8D4A258B8CCD008A9AD4 /* AppDelegate.swift */ = {isa = PBXFileReference; lastKnownFileType = sourcecode.swift; path = AppDelegate.swift; sourceTree = "<group>"; };
		579C8D4C258B8CCD008A9AD4 /* SceneDelegate.swift */ = {isa = PBXFileReference; lastKnownFileType = sourcecode.swift; path = SceneDelegate.swift; sourceTree = "<group>"; };
		579C8D4E258B8CCD008A9AD4 /* ViewController.swift */ = {isa = PBXFileReference; lastKnownFileType = sourcecode.swift; path = ViewController.swift; sourceTree = "<group>"; };
		579C8D51258B8CCD008A9AD4 /* Base */ = {isa = PBXFileReference; lastKnownFileType = file.storyboard; name = Base; path = Base.lproj/Main.storyboard; sourceTree = "<group>"; };
		579C8D53258B8CCF008A9AD4 /* Assets.xcassets */ = {isa = PBXFileReference; lastKnownFileType = folder.assetcatalog; path = Assets.xcassets; sourceTree = "<group>"; };
		579C8D56258B8CCF008A9AD4 /* Base */ = {isa = PBXFileReference; lastKnownFileType = file.storyboard; name = Base; path = Base.lproj/LaunchScreen.storyboard; sourceTree = "<group>"; };
		579C8D58258B8CCF008A9AD4 /* Info.plist */ = {isa = PBXFileReference; lastKnownFileType = text.plist.xml; path = Info.plist; sourceTree = "<group>"; };
		579C8D5D258B8CCF008A9AD4 /* CombineWeatherTests.xctest */ = {isa = PBXFileReference; explicitFileType = wrapper.cfbundle; includeInIndex = 0; path = CombineWeatherTests.xctest; sourceTree = BUILT_PRODUCTS_DIR; };
		579C8D61258B8CCF008A9AD4 /* CombineWeatherTests.swift */ = {isa = PBXFileReference; lastKnownFileType = sourcecode.swift; path = CombineWeatherTests.swift; sourceTree = "<group>"; };
		579C8D63258B8CCF008A9AD4 /* Info.plist */ = {isa = PBXFileReference; lastKnownFileType = text.plist.xml; path = Info.plist; sourceTree = "<group>"; };
		579C8D68258B8CCF008A9AD4 /* CombineWeatherUITests.xctest */ = {isa = PBXFileReference; explicitFileType = wrapper.cfbundle; includeInIndex = 0; path = CombineWeatherUITests.xctest; sourceTree = BUILT_PRODUCTS_DIR; };
		579C8D6C258B8CCF008A9AD4 /* CombineWeatherUITests.swift */ = {isa = PBXFileReference; lastKnownFileType = sourcecode.swift; path = CombineWeatherUITests.swift; sourceTree = "<group>"; };
		579C8D6E258B8CCF008A9AD4 /* Info.plist */ = {isa = PBXFileReference; lastKnownFileType = text.plist.xml; path = Info.plist; sourceTree = "<group>"; };
		579C8D94258B933E008A9AD4 /* NetworkTypes.swift */ = {isa = PBXFileReference; lastKnownFileType = sourcecode.swift; path = NetworkTypes.swift; sourceTree = "<group>"; };
		579C8DA0258B95EF008A9AD4 /* CurrentWeatherEndpoint.swift */ = {isa = PBXFileReference; lastKnownFileType = sourcecode.swift; path = CurrentWeatherEndpoint.swift; sourceTree = "<group>"; };
		579C8DA8258B9769008A9AD4 /* CurrentWeatherFetcher.swift */ = {isa = PBXFileReference; lastKnownFileType = sourcecode.swift; path = CurrentWeatherFetcher.swift; sourceTree = "<group>"; };
		579C8DB1258B9C3F008A9AD4 /* City.swift */ = {isa = PBXFileReference; lastKnownFileType = sourcecode.swift; path = City.swift; sourceTree = "<group>"; };
		57A07BD7258CD477001BB299 /* Weather.swift */ = {isa = PBXFileReference; lastKnownFileType = sourcecode.swift; path = Weather.swift; sourceTree = "<group>"; };
		57A07BDC258CD8AB001BB299 /* Main.swift */ = {isa = PBXFileReference; lastKnownFileType = sourcecode.swift; path = Main.swift; sourceTree = "<group>"; };
		57EA9627258CBF7100658C6C /* LocationService.swift */ = {isa = PBXFileReference; lastKnownFileType = sourcecode.swift; path = LocationService.swift; sourceTree = "<group>"; };
/* End PBXFileReference section */

/* Begin PBXFrameworksBuildPhase section */
		579C8D44258B8CCD008A9AD4 /* Frameworks */ = {
			isa = PBXFrameworksBuildPhase;
			buildActionMask = 2147483647;
			files = (
				579C8DBB258BA7CC008A9AD4 /* CombineCocoa in Frameworks */,
			);
			runOnlyForDeploymentPostprocessing = 0;
		};
		579C8D5A258B8CCF008A9AD4 /* Frameworks */ = {
			isa = PBXFrameworksBuildPhase;
			buildActionMask = 2147483647;
			files = (
			);
			runOnlyForDeploymentPostprocessing = 0;
		};
		579C8D65258B8CCF008A9AD4 /* Frameworks */ = {
			isa = PBXFrameworksBuildPhase;
			buildActionMask = 2147483647;
			files = (
			);
			runOnlyForDeploymentPostprocessing = 0;
		};
/* End PBXFrameworksBuildPhase section */

/* Begin PBXGroup section */
		57717F75258CCC0100C9EC18 /* Services */ = {
			isa = PBXGroup;
			children = (
				57EA9627258CBF7100658C6C /* LocationService.swift */,
				579C8D80258B92D9008A9AD4 /* Network */,
			);
			path = Services;
			sourceTree = "<group>";
		};
		57717F76258CCC2300C9EC18 /* UI */ = {
			isa = PBXGroup;
			children = (
				579C8D4E258B8CCD008A9AD4 /* ViewController.swift */,
			);
			path = UI;
			sourceTree = "<group>";
		};
		57717F77258CCC3600C9EC18 /* Handlers */ = {
			isa = PBXGroup;
			children = (
				579C8DA8258B9769008A9AD4 /* CurrentWeatherFetcher.swift */,
			);
			path = Handlers;
			sourceTree = "<group>";
		};
		579C8D3E258B8CCD008A9AD4 = {
			isa = PBXGroup;
			children = (
				579C8D49258B8CCD008A9AD4 /* CombineWeather */,
				579C8D60258B8CCF008A9AD4 /* CombineWeatherTests */,
				579C8D6B258B8CCF008A9AD4 /* CombineWeatherUITests */,
				579C8D48258B8CCD008A9AD4 /* Products */,
			);
			sourceTree = "<group>";
		};
		579C8D48258B8CCD008A9AD4 /* Products */ = {
			isa = PBXGroup;
			children = (
				579C8D47258B8CCD008A9AD4 /* CombineWeather.app */,
				579C8D5D258B8CCF008A9AD4 /* CombineWeatherTests.xctest */,
				579C8D68258B8CCF008A9AD4 /* CombineWeatherUITests.xctest */,
			);
			name = Products;
			sourceTree = "<group>";
		};
		579C8D49258B8CCD008A9AD4 /* CombineWeather */ = {
			isa = PBXGroup;
			children = (
				57A07BE1258CDDEF001BB299 /* Helpers */,
				57717F77258CCC3600C9EC18 /* Handlers */,
				57717F76258CCC2300C9EC18 /* UI */,
				579C8DAD258B98A4008A9AD4 /* Models */,
				57717F75258CCC0100C9EC18 /* Services */,
				579C8D4A258B8CCD008A9AD4 /* AppDelegate.swift */,
				579C8D4C258B8CCD008A9AD4 /* SceneDelegate.swift */,
				579C8D50258B8CCD008A9AD4 /* Main.storyboard */,
				579C8D53258B8CCF008A9AD4 /* Assets.xcassets */,
				579C8D55258B8CCF008A9AD4 /* LaunchScreen.storyboard */,
				579C8D58258B8CCF008A9AD4 /* Info.plist */,
			);
			path = CombineWeather;
			sourceTree = "<group>";
		};
		579C8D60258B8CCF008A9AD4 /* CombineWeatherTests */ = {
			isa = PBXGroup;
			children = (
				579C8D61258B8CCF008A9AD4 /* CombineWeatherTests.swift */,
				579C8D63258B8CCF008A9AD4 /* Info.plist */,
			);
			path = CombineWeatherTests;
			sourceTree = "<group>";
		};
		579C8D6B258B8CCF008A9AD4 /* CombineWeatherUITests */ = {
			isa = PBXGroup;
			children = (
				579C8D6C258B8CCF008A9AD4 /* CombineWeatherUITests.swift */,
				579C8D6E258B8CCF008A9AD4 /* Info.plist */,
			);
			path = CombineWeatherUITests;
			sourceTree = "<group>";
		};
		579C8D80258B92D9008A9AD4 /* Network */ = {
			isa = PBXGroup;
			children = (
				579C8D9F258B95C9008A9AD4 /* Endpoints */,
				579C8D94258B933E008A9AD4 /* NetworkTypes.swift */,
			);
			path = Network;
			sourceTree = "<group>";
		};
		579C8D9F258B95C9008A9AD4 /* Endpoints */ = {
			isa = PBXGroup;
			children = (
				579C8DA0258B95EF008A9AD4 /* CurrentWeatherEndpoint.swift */,
			);
			path = Endpoints;
			sourceTree = "<group>";
		};
		579C8DAD258B98A4008A9AD4 /* Models */ = {
			isa = PBXGroup;
			children = (
				579C8DB1258B9C3F008A9AD4 /* City.swift */,
				57A07BD7258CD477001BB299 /* Weather.swift */,
				57A07BDC258CD8AB001BB299 /* Main.swift */,
			);
			path = Models;
			sourceTree = "<group>";
		};
		57A07BE1258CDDEF001BB299 /* Helpers */ = {
			isa = PBXGroup;
			children = (
				1AE97355258CE6E9000FD512 /* Secrets.swift */,
			);
			path = Helpers;
			sourceTree = "<group>";
		};
/* End PBXGroup section */

/* Begin PBXNativeTarget section */
		579C8D46258B8CCD008A9AD4 /* CombineWeather */ = {
			isa = PBXNativeTarget;
			buildConfigurationList = 579C8D71258B8CCF008A9AD4 /* Build configuration list for PBXNativeTarget "CombineWeather" */;
			buildPhases = (
				579C8D43258B8CCD008A9AD4 /* Sources */,
				579C8D44258B8CCD008A9AD4 /* Frameworks */,
				579C8D45258B8CCD008A9AD4 /* Resources */,
			);
			buildRules = (
			);
			dependencies = (
			);
			name = CombineWeather;
			packageProductDependencies = (
				579C8DBA258BA7CC008A9AD4 /* CombineCocoa */,
			);
			productName = CombineWeather;
			productReference = 579C8D47258B8CCD008A9AD4 /* CombineWeather.app */;
			productType = "com.apple.product-type.application";
		};
		579C8D5C258B8CCF008A9AD4 /* CombineWeatherTests */ = {
			isa = PBXNativeTarget;
			buildConfigurationList = 579C8D74258B8CCF008A9AD4 /* Build configuration list for PBXNativeTarget "CombineWeatherTests" */;
			buildPhases = (
				579C8D59258B8CCF008A9AD4 /* Sources */,
				579C8D5A258B8CCF008A9AD4 /* Frameworks */,
				579C8D5B258B8CCF008A9AD4 /* Resources */,
			);
			buildRules = (
			);
			dependencies = (
				579C8D5F258B8CCF008A9AD4 /* PBXTargetDependency */,
			);
			name = CombineWeatherTests;
			productName = CombineWeatherTests;
			productReference = 579C8D5D258B8CCF008A9AD4 /* CombineWeatherTests.xctest */;
			productType = "com.apple.product-type.bundle.unit-test";
		};
		579C8D67258B8CCF008A9AD4 /* CombineWeatherUITests */ = {
			isa = PBXNativeTarget;
			buildConfigurationList = 579C8D77258B8CCF008A9AD4 /* Build configuration list for PBXNativeTarget "CombineWeatherUITests" */;
			buildPhases = (
				579C8D64258B8CCF008A9AD4 /* Sources */,
				579C8D65258B8CCF008A9AD4 /* Frameworks */,
				579C8D66258B8CCF008A9AD4 /* Resources */,
			);
			buildRules = (
			);
			dependencies = (
				579C8D6A258B8CCF008A9AD4 /* PBXTargetDependency */,
			);
			name = CombineWeatherUITests;
			productName = CombineWeatherUITests;
			productReference = 579C8D68258B8CCF008A9AD4 /* CombineWeatherUITests.xctest */;
			productType = "com.apple.product-type.bundle.ui-testing";
		};
/* End PBXNativeTarget section */

/* Begin PBXProject section */
		579C8D3F258B8CCD008A9AD4 /* Project object */ = {
			isa = PBXProject;
			attributes = {
				LastSwiftUpdateCheck = 1220;
				LastUpgradeCheck = 1220;
				TargetAttributes = {
					579C8D46258B8CCD008A9AD4 = {
						CreatedOnToolsVersion = 12.2;
					};
					579C8D5C258B8CCF008A9AD4 = {
						CreatedOnToolsVersion = 12.2;
						TestTargetID = 579C8D46258B8CCD008A9AD4;
					};
					579C8D67258B8CCF008A9AD4 = {
						CreatedOnToolsVersion = 12.2;
						TestTargetID = 579C8D46258B8CCD008A9AD4;
					};
				};
			};
			buildConfigurationList = 579C8D42258B8CCD008A9AD4 /* Build configuration list for PBXProject "CombineWeather" */;
			compatibilityVersion = "Xcode 9.3";
			developmentRegion = en;
			hasScannedForEncodings = 0;
			knownRegions = (
				en,
				Base,
			);
			mainGroup = 579C8D3E258B8CCD008A9AD4;
			packageReferences = (
				579C8DB9258BA7CC008A9AD4 /* XCRemoteSwiftPackageReference "CombineCocoa" */,
			);
			productRefGroup = 579C8D48258B8CCD008A9AD4 /* Products */;
			projectDirPath = "";
			projectRoot = "";
			targets = (
				579C8D46258B8CCD008A9AD4 /* CombineWeather */,
				579C8D5C258B8CCF008A9AD4 /* CombineWeatherTests */,
				579C8D67258B8CCF008A9AD4 /* CombineWeatherUITests */,
			);
		};
/* End PBXProject section */

/* Begin PBXResourcesBuildPhase section */
		579C8D45258B8CCD008A9AD4 /* Resources */ = {
			isa = PBXResourcesBuildPhase;
			buildActionMask = 2147483647;
			files = (
				579C8D57258B8CCF008A9AD4 /* LaunchScreen.storyboard in Resources */,
				579C8D54258B8CCF008A9AD4 /* Assets.xcassets in Resources */,
				579C8D52258B8CCD008A9AD4 /* Main.storyboard in Resources */,
			);
			runOnlyForDeploymentPostprocessing = 0;
		};
		579C8D5B258B8CCF008A9AD4 /* Resources */ = {
			isa = PBXResourcesBuildPhase;
			buildActionMask = 2147483647;
			files = (
			);
			runOnlyForDeploymentPostprocessing = 0;
		};
		579C8D66258B8CCF008A9AD4 /* Resources */ = {
			isa = PBXResourcesBuildPhase;
			buildActionMask = 2147483647;
			files = (
			);
			runOnlyForDeploymentPostprocessing = 0;
		};
/* End PBXResourcesBuildPhase section */

/* Begin PBXSourcesBuildPhase section */
		579C8D43258B8CCD008A9AD4 /* Sources */ = {
			isa = PBXSourcesBuildPhase;
			buildActionMask = 2147483647;
			files = (
				57A07BDD258CD8AB001BB299 /* Main.swift in Sources */,
				579C8D4F258B8CCD008A9AD4 /* ViewController.swift in Sources */,
				579C8DA1258B95EF008A9AD4 /* CurrentWeatherEndpoint.swift in Sources */,
				579C8DB2258B9C3F008A9AD4 /* City.swift in Sources */,
				579C8D4B258B8CCD008A9AD4 /* AppDelegate.swift in Sources */,
				57A07BD8258CD477001BB299 /* Weather.swift in Sources */,
				579C8D95258B933E008A9AD4 /* NetworkTypes.swift in Sources */,
				57EA9628258CBF7100658C6C /* LocationService.swift in Sources */,
				579C8DA9258B9769008A9AD4 /* CurrentWeatherFetcher.swift in Sources */,
				579C8D4D258B8CCD008A9AD4 /* SceneDelegate.swift in Sources */,
				1AE97356258CE6E9000FD512 /* Secrets.swift in Sources */,
			);
			runOnlyForDeploymentPostprocessing = 0;
		};
		579C8D59258B8CCF008A9AD4 /* Sources */ = {
			isa = PBXSourcesBuildPhase;
			buildActionMask = 2147483647;
			files = (
				579C8D62258B8CCF008A9AD4 /* CombineWeatherTests.swift in Sources */,
			);
			runOnlyForDeploymentPostprocessing = 0;
		};
		579C8D64258B8CCF008A9AD4 /* Sources */ = {
			isa = PBXSourcesBuildPhase;
			buildActionMask = 2147483647;
			files = (
				579C8D6D258B8CCF008A9AD4 /* CombineWeatherUITests.swift in Sources */,
			);
			runOnlyForDeploymentPostprocessing = 0;
		};
/* End PBXSourcesBuildPhase section */

/* Begin PBXTargetDependency section */
		579C8D5F258B8CCF008A9AD4 /* PBXTargetDependency */ = {
			isa = PBXTargetDependency;
			target = 579C8D46258B8CCD008A9AD4 /* CombineWeather */;
			targetProxy = 579C8D5E258B8CCF008A9AD4 /* PBXContainerItemProxy */;
		};
		579C8D6A258B8CCF008A9AD4 /* PBXTargetDependency */ = {
			isa = PBXTargetDependency;
			target = 579C8D46258B8CCD008A9AD4 /* CombineWeather */;
			targetProxy = 579C8D69258B8CCF008A9AD4 /* PBXContainerItemProxy */;
		};
/* End PBXTargetDependency section */

/* Begin PBXVariantGroup section */
		579C8D50258B8CCD008A9AD4 /* Main.storyboard */ = {
			isa = PBXVariantGroup;
			children = (
				579C8D51258B8CCD008A9AD4 /* Base */,
			);
			name = Main.storyboard;
			sourceTree = "<group>";
		};
		579C8D55258B8CCF008A9AD4 /* LaunchScreen.storyboard */ = {
			isa = PBXVariantGroup;
			children = (
				579C8D56258B8CCF008A9AD4 /* Base */,
			);
			name = LaunchScreen.storyboard;
			sourceTree = "<group>";
		};
/* End PBXVariantGroup section */

/* Begin XCBuildConfiguration section */
		579C8D6F258B8CCF008A9AD4 /* Debug */ = {
			isa = XCBuildConfiguration;
			buildSettings = {
				ALWAYS_SEARCH_USER_PATHS = NO;
				CLANG_ANALYZER_NONNULL = YES;
				CLANG_ANALYZER_NUMBER_OBJECT_CONVERSION = YES_AGGRESSIVE;
				CLANG_CXX_LANGUAGE_STANDARD = "gnu++14";
				CLANG_CXX_LIBRARY = "libc++";
				CLANG_ENABLE_MODULES = YES;
				CLANG_ENABLE_OBJC_ARC = YES;
				CLANG_ENABLE_OBJC_WEAK = YES;
				CLANG_WARN_BLOCK_CAPTURE_AUTORELEASING = YES;
				CLANG_WARN_BOOL_CONVERSION = YES;
				CLANG_WARN_COMMA = YES;
				CLANG_WARN_CONSTANT_CONVERSION = YES;
				CLANG_WARN_DEPRECATED_OBJC_IMPLEMENTATIONS = YES;
				CLANG_WARN_DIRECT_OBJC_ISA_USAGE = YES_ERROR;
				CLANG_WARN_DOCUMENTATION_COMMENTS = YES;
				CLANG_WARN_EMPTY_BODY = YES;
				CLANG_WARN_ENUM_CONVERSION = YES;
				CLANG_WARN_INFINITE_RECURSION = YES;
				CLANG_WARN_INT_CONVERSION = YES;
				CLANG_WARN_NON_LITERAL_NULL_CONVERSION = YES;
				CLANG_WARN_OBJC_IMPLICIT_RETAIN_SELF = YES;
				CLANG_WARN_OBJC_LITERAL_CONVERSION = YES;
				CLANG_WARN_OBJC_ROOT_CLASS = YES_ERROR;
				CLANG_WARN_QUOTED_INCLUDE_IN_FRAMEWORK_HEADER = YES;
				CLANG_WARN_RANGE_LOOP_ANALYSIS = YES;
				CLANG_WARN_STRICT_PROTOTYPES = YES;
				CLANG_WARN_SUSPICIOUS_MOVE = YES;
				CLANG_WARN_UNGUARDED_AVAILABILITY = YES_AGGRESSIVE;
				CLANG_WARN_UNREACHABLE_CODE = YES;
				CLANG_WARN__DUPLICATE_METHOD_MATCH = YES;
				COPY_PHASE_STRIP = NO;
				DEBUG_INFORMATION_FORMAT = dwarf;
				ENABLE_STRICT_OBJC_MSGSEND = YES;
				ENABLE_TESTABILITY = YES;
				GCC_C_LANGUAGE_STANDARD = gnu11;
				GCC_DYNAMIC_NO_PIC = NO;
				GCC_NO_COMMON_BLOCKS = YES;
				GCC_OPTIMIZATION_LEVEL = 0;
				GCC_PREPROCESSOR_DEFINITIONS = (
					"DEBUG=1",
					"$(inherited)",
				);
				GCC_WARN_64_TO_32_BIT_CONVERSION = YES;
				GCC_WARN_ABOUT_RETURN_TYPE = YES_ERROR;
				GCC_WARN_UNDECLARED_SELECTOR = YES;
				GCC_WARN_UNINITIALIZED_AUTOS = YES_AGGRESSIVE;
				GCC_WARN_UNUSED_FUNCTION = YES;
				GCC_WARN_UNUSED_VARIABLE = YES;
				IPHONEOS_DEPLOYMENT_TARGET = 14.2;
				MTL_ENABLE_DEBUG_INFO = INCLUDE_SOURCE;
				MTL_FAST_MATH = YES;
				ONLY_ACTIVE_ARCH = YES;
				SDKROOT = iphoneos;
				SWIFT_ACTIVE_COMPILATION_CONDITIONS = DEBUG;
				SWIFT_OPTIMIZATION_LEVEL = "-Onone";
			};
			name = Debug;
		};
		579C8D70258B8CCF008A9AD4 /* Release */ = {
			isa = XCBuildConfiguration;
			buildSettings = {
				ALWAYS_SEARCH_USER_PATHS = NO;
				CLANG_ANALYZER_NONNULL = YES;
				CLANG_ANALYZER_NUMBER_OBJECT_CONVERSION = YES_AGGRESSIVE;
				CLANG_CXX_LANGUAGE_STANDARD = "gnu++14";
				CLANG_CXX_LIBRARY = "libc++";
				CLANG_ENABLE_MODULES = YES;
				CLANG_ENABLE_OBJC_ARC = YES;
				CLANG_ENABLE_OBJC_WEAK = YES;
				CLANG_WARN_BLOCK_CAPTURE_AUTORELEASING = YES;
				CLANG_WARN_BOOL_CONVERSION = YES;
				CLANG_WARN_COMMA = YES;
				CLANG_WARN_CONSTANT_CONVERSION = YES;
				CLANG_WARN_DEPRECATED_OBJC_IMPLEMENTATIONS = YES;
				CLANG_WARN_DIRECT_OBJC_ISA_USAGE = YES_ERROR;
				CLANG_WARN_DOCUMENTATION_COMMENTS = YES;
				CLANG_WARN_EMPTY_BODY = YES;
				CLANG_WARN_ENUM_CONVERSION = YES;
				CLANG_WARN_INFINITE_RECURSION = YES;
				CLANG_WARN_INT_CONVERSION = YES;
				CLANG_WARN_NON_LITERAL_NULL_CONVERSION = YES;
				CLANG_WARN_OBJC_IMPLICIT_RETAIN_SELF = YES;
				CLANG_WARN_OBJC_LITERAL_CONVERSION = YES;
				CLANG_WARN_OBJC_ROOT_CLASS = YES_ERROR;
				CLANG_WARN_QUOTED_INCLUDE_IN_FRAMEWORK_HEADER = YES;
				CLANG_WARN_RANGE_LOOP_ANALYSIS = YES;
				CLANG_WARN_STRICT_PROTOTYPES = YES;
				CLANG_WARN_SUSPICIOUS_MOVE = YES;
				CLANG_WARN_UNGUARDED_AVAILABILITY = YES_AGGRESSIVE;
				CLANG_WARN_UNREACHABLE_CODE = YES;
				CLANG_WARN__DUPLICATE_METHOD_MATCH = YES;
				COPY_PHASE_STRIP = NO;
				DEBUG_INFORMATION_FORMAT = "dwarf-with-dsym";
				ENABLE_NS_ASSERTIONS = NO;
				ENABLE_STRICT_OBJC_MSGSEND = YES;
				GCC_C_LANGUAGE_STANDARD = gnu11;
				GCC_NO_COMMON_BLOCKS = YES;
				GCC_WARN_64_TO_32_BIT_CONVERSION = YES;
				GCC_WARN_ABOUT_RETURN_TYPE = YES_ERROR;
				GCC_WARN_UNDECLARED_SELECTOR = YES;
				GCC_WARN_UNINITIALIZED_AUTOS = YES_AGGRESSIVE;
				GCC_WARN_UNUSED_FUNCTION = YES;
				GCC_WARN_UNUSED_VARIABLE = YES;
				IPHONEOS_DEPLOYMENT_TARGET = 14.2;
				MTL_ENABLE_DEBUG_INFO = NO;
				MTL_FAST_MATH = YES;
				SDKROOT = iphoneos;
				SWIFT_COMPILATION_MODE = wholemodule;
				SWIFT_OPTIMIZATION_LEVEL = "-O";
				VALIDATE_PRODUCT = YES;
			};
			name = Release;
		};
		579C8D72258B8CCF008A9AD4 /* Debug */ = {
			isa = XCBuildConfiguration;
			buildSettings = {
				ASSETCATALOG_COMPILER_APPICON_NAME = AppIcon;
				ASSETCATALOG_COMPILER_GLOBAL_ACCENT_COLOR_NAME = AccentColor;
				CODE_SIGN_STYLE = Automatic;
				INFOPLIST_FILE = CombineWeather/Info.plist;
				IPHONEOS_DEPLOYMENT_TARGET = 14.0;
				LD_RUNPATH_SEARCH_PATHS = (
					"$(inherited)",
					"@executable_path/Frameworks",
				);
				PRODUCT_BUNDLE_IDENTIFIER = com.adurbalo.CombineWeather;
				PRODUCT_NAME = "$(TARGET_NAME)";
				SWIFT_VERSION = 5.0;
				TARGETED_DEVICE_FAMILY = "1,2";
			};
			name = Debug;
		};
		579C8D73258B8CCF008A9AD4 /* Release */ = {
			isa = XCBuildConfiguration;
			buildSettings = {
				ASSETCATALOG_COMPILER_APPICON_NAME = AppIcon;
				ASSETCATALOG_COMPILER_GLOBAL_ACCENT_COLOR_NAME = AccentColor;
				CODE_SIGN_STYLE = Automatic;
				INFOPLIST_FILE = CombineWeather/Info.plist;
				IPHONEOS_DEPLOYMENT_TARGET = 14.0;
				LD_RUNPATH_SEARCH_PATHS = (
					"$(inherited)",
					"@executable_path/Frameworks",
				);
				PRODUCT_BUNDLE_IDENTIFIER = com.adurbalo.CombineWeather;
				PRODUCT_NAME = "$(TARGET_NAME)";
				SWIFT_VERSION = 5.0;
				TARGETED_DEVICE_FAMILY = "1,2";
			};
			name = Release;
		};
		579C8D75258B8CCF008A9AD4 /* Debug */ = {
			isa = XCBuildConfiguration;
			buildSettings = {
				ALWAYS_EMBED_SWIFT_STANDARD_LIBRARIES = YES;
				BUNDLE_LOADER = "$(TEST_HOST)";
				CODE_SIGN_STYLE = Automatic;
				INFOPLIST_FILE = CombineWeatherTests/Info.plist;
				IPHONEOS_DEPLOYMENT_TARGET = 14.2;
				LD_RUNPATH_SEARCH_PATHS = (
					"$(inherited)",
					"@executable_path/Frameworks",
					"@loader_path/Frameworks",
				);
				PRODUCT_BUNDLE_IDENTIFIER = com.adurbalo.CombineWeatherTests;
				PRODUCT_NAME = "$(TARGET_NAME)";
				SWIFT_VERSION = 5.0;
				TARGETED_DEVICE_FAMILY = "1,2";
				TEST_HOST = "$(BUILT_PRODUCTS_DIR)/CombineWeather.app/CombineWeather";
			};
			name = Debug;
		};
		579C8D76258B8CCF008A9AD4 /* Release */ = {
			isa = XCBuildConfiguration;
			buildSettings = {
				ALWAYS_EMBED_SWIFT_STANDARD_LIBRARIES = YES;
				BUNDLE_LOADER = "$(TEST_HOST)";
				CODE_SIGN_STYLE = Automatic;
				INFOPLIST_FILE = CombineWeatherTests/Info.plist;
				IPHONEOS_DEPLOYMENT_TARGET = 14.2;
				LD_RUNPATH_SEARCH_PATHS = (
					"$(inherited)",
					"@executable_path/Frameworks",
					"@loader_path/Frameworks",
				);
				PRODUCT_BUNDLE_IDENTIFIER = com.adurbalo.CombineWeatherTests;
				PRODUCT_NAME = "$(TARGET_NAME)";
				SWIFT_VERSION = 5.0;
				TARGETED_DEVICE_FAMILY = "1,2";
				TEST_HOST = "$(BUILT_PRODUCTS_DIR)/CombineWeather.app/CombineWeather";
			};
			name = Release;
		};
		579C8D78258B8CCF008A9AD4 /* Debug */ = {
			isa = XCBuildConfiguration;
			buildSettings = {
				ALWAYS_EMBED_SWIFT_STANDARD_LIBRARIES = YES;
				CODE_SIGN_STYLE = Automatic;
				INFOPLIST_FILE = CombineWeatherUITests/Info.plist;
				LD_RUNPATH_SEARCH_PATHS = (
					"$(inherited)",
					"@executable_path/Frameworks",
					"@loader_path/Frameworks",
				);
				PRODUCT_BUNDLE_IDENTIFIER = com.adurbalo.CombineWeatherUITests;
				PRODUCT_NAME = "$(TARGET_NAME)";
				SWIFT_VERSION = 5.0;
				TARGETED_DEVICE_FAMILY = "1,2";
				TEST_TARGET_NAME = CombineWeather;
			};
			name = Debug;
		};
		579C8D79258B8CCF008A9AD4 /* Release */ = {
			isa = XCBuildConfiguration;
			buildSettings = {
				ALWAYS_EMBED_SWIFT_STANDARD_LIBRARIES = YES;
				CODE_SIGN_STYLE = Automatic;
				INFOPLIST_FILE = CombineWeatherUITests/Info.plist;
				LD_RUNPATH_SEARCH_PATHS = (
					"$(inherited)",
					"@executable_path/Frameworks",
					"@loader_path/Frameworks",
				);
				PRODUCT_BUNDLE_IDENTIFIER = com.adurbalo.CombineWeatherUITests;
				PRODUCT_NAME = "$(TARGET_NAME)";
				SWIFT_VERSION = 5.0;
				TARGETED_DEVICE_FAMILY = "1,2";
				TEST_TARGET_NAME = CombineWeather;
			};
			name = Release;
		};
/* End XCBuildConfiguration section */

/* Begin XCConfigurationList section */
		579C8D42258B8CCD008A9AD4 /* Build configuration list for PBXProject "CombineWeather" */ = {
			isa = XCConfigurationList;
			buildConfigurations = (
				579C8D6F258B8CCF008A9AD4 /* Debug */,
				579C8D70258B8CCF008A9AD4 /* Release */,
			);
			defaultConfigurationIsVisible = 0;
			defaultConfigurationName = Release;
		};
		579C8D71258B8CCF008A9AD4 /* Build configuration list for PBXNativeTarget "CombineWeather" */ = {
			isa = XCConfigurationList;
			buildConfigurations = (
				579C8D72258B8CCF008A9AD4 /* Debug */,
				579C8D73258B8CCF008A9AD4 /* Release */,
			);
			defaultConfigurationIsVisible = 0;
			defaultConfigurationName = Release;
		};
		579C8D74258B8CCF008A9AD4 /* Build configuration list for PBXNativeTarget "CombineWeatherTests" */ = {
			isa = XCConfigurationList;
			buildConfigurations = (
				579C8D75258B8CCF008A9AD4 /* Debug */,
				579C8D76258B8CCF008A9AD4 /* Release */,
			);
			defaultConfigurationIsVisible = 0;
			defaultConfigurationName = Release;
		};
		579C8D77258B8CCF008A9AD4 /* Build configuration list for PBXNativeTarget "CombineWeatherUITests" */ = {
			isa = XCConfigurationList;
			buildConfigurations = (
				579C8D78258B8CCF008A9AD4 /* Debug */,
				579C8D79258B8CCF008A9AD4 /* Release */,
			);
			defaultConfigurationIsVisible = 0;
			defaultConfigurationName = Release;
		};
/* End XCConfigurationList section */

/* Begin XCRemoteSwiftPackageReference section */
		579C8DB9258BA7CC008A9AD4 /* XCRemoteSwiftPackageReference "CombineCocoa" */ = {
			isa = XCRemoteSwiftPackageReference;
			repositoryURL = "https://github.com/CombineCommunity/CombineCocoa.git";
			requirement = {
				kind = upToNextMajorVersion;
				minimumVersion = 0.2.2;
			};
		};
/* End XCRemoteSwiftPackageReference section */

/* Begin XCSwiftPackageProductDependency section */
		579C8DBA258BA7CC008A9AD4 /* CombineCocoa */ = {
			isa = XCSwiftPackageProductDependency;
			package = 579C8DB9258BA7CC008A9AD4 /* XCRemoteSwiftPackageReference "CombineCocoa" */;
			productName = CombineCocoa;
		};
/* End XCSwiftPackageProductDependency section */
	};
	rootObject = 579C8D3F258B8CCD008A9AD4 /* Project object */;
}
